
Microsoft Visual Studio Solution File, Format Version 12.00
# Visual Studio 15
VisualStudioVersion = 15.0.26730.16
MinimumVisualStudioVersion = 10.0.40219.1
Project("{FAE04EC0-301F-11D3-BF4B-00C04F79EFBC}") = "Generics", "Generics\Generics.csproj", "{7E429470-16F3-4B6E-807A-DFBD2419A36B}"
EndProject
Global
	GlobalSection(SolutionConfigurationPlatforms) = preSolution
		Debug|Any CPU = Debug|Any CPU
		Release|Any CPU = Release|Any CPU
	EndGlobalSection
	GlobalSection(ProjectConfigurationPlatforms) = postSolution
		{7E429470-16F3-4B6E-807A-DFBD2419A36B}.Debug|Any CPU.ActiveCfg = Debug|Any CPU
		{7E429470-16F3-4B6E-807A-DFBD2419A36B}.Debug|Any CPU.Build.0 = Debug|Any CPU
		{7E429470-16F3-4B6E-807A-DFBD2419A36B}.Release|Any CPU.ActiveCfg = Release|Any CPU
		{7E429470-16F3-4B6E-807A-DFBD2419A36B}.Release|Any CPU.Build.0 = Release|Any CPU
	EndGlobalSection
	GlobalSection(SolutionProperties) = preSolution
		HideSolutionNode = FALSE
	EndGlobalSection
	GlobalSection(ExtensibilityGlobals) = postSolution
		SolutionGuid = {4166616C-C00B-42F3-870E-F5C0EA7F7D6F}
	EndGlobalSection
EndGlobal
